<Solution>
  <Project Path="Assembly-CSharp.csproj" />
  <Project Path="Assembly-CSharp-firstpass.csproj" />
  <Project Path="Coffee.UIParticle.Tests.csproj" />
  <Project Path="Coffee.UIParticle.Editor.csproj" />
  <Project Path="Coffee.UIParticle.csproj" />
  <Project Path="Coffee.UIParticle.PerformanceDemo.csproj" />
  <Project Path="Coffee.CFX_Demo_With_UIParticle.csproj" />
  <Project Path="Coffee.UIParticle.Editor.Tests.csproj" />
</Solution>
